
Microsoft Visual Studio Solution File, Format Version 12.00
# Visual Studio Version 17
VisualStudioVersion = 17.11.35312.102
MinimumVisualStudioVersion = 10.0.40219.1
Project("{FAE04EC0-301F-11D3-BF4B-00C04F79EFBC}") = "TodoApp", "TodoApp.csproj", "{731983FF-1949-41D5-B470-A048EDD3D9DD}"
EndProject
Global
	GlobalSection(SolutionConfigurationPlatforms) = preSolution
		Debug|Any CPU = Debug|Any CPU
		Release|Any CPU = Release|Any CPU
	EndGlobalSection
	GlobalSection(ProjectConfigurationPlatforms) = postSolution
		{731983FF-1949-41D5-B470-A048EDD3D9DD}.Debug|Any CPU.ActiveCfg = Debug|Any CPU
		{731983FF-1949-41D5-B470-A048EDD3D9DD}.Debug|Any CPU.Build.0 = Debug|Any CPU
		{731983FF-1949-41D5-B470-A048EDD3D9DD}.Release|Any CPU.ActiveCfg = Release|Any CPU
		{731983FF-1949-41D5-B470-A048EDD3D9DD}.Release|Any CPU.Build.0 = Release|Any CPU
	EndGlobalSection
	GlobalSection(SolutionProperties) = preSolution
		HideSolutionNode = FALSE
	EndGlobalSection
	GlobalSection(ExtensibilityGlobals) = postSolution
		SolutionGuid = {EDFAF16C-8D3A-4EA4-AA16-39AB2B7D5C62}
	EndGlobalSection
EndGlobal
